
Microsoft Visual Studio Solution File, Format Version 12.00
# Visual Studio Version 16
VisualStudioVersion = 16.0.31205.134
MinimumVisualStudioVersion = 10.0.40219.1
Project("{FAE04EC0-301F-11D3-BF4B-00C04F79EFBC}") = "FileIODemo", "FileIODemo.csproj", "{6A11DBFC-3707-4EAD-A614-2AEF36767053}"
EndProject
Project("{FAE04EC0-301F-11D3-BF4B-00C04F79EFBC}") = "SerilizationDemo", "..\SerilizationDemo\SerilizationDemo.csproj", "{A68D4A21-D923-465A-917D-6E8C30A61966}"
EndProject
Global
	GlobalSection(SolutionConfigurationPlatforms) = preSolution
		Debug|Any CPU = Debug|Any CPU
		Release|Any CPU = Release|Any CPU
	EndGlobalSection
	GlobalSection(ProjectConfigurationPlatforms) = postSolution
		{6A11DBFC-3707-4EAD-A614-2AEF36767053}.Debug|Any CPU.ActiveCfg = Debug|Any CPU
		{6A11DBFC-3707-4EAD-A614-2AEF36767053}.Debug|Any CPU.Build.0 = Debug|Any CPU
		{6A11DBFC-3707-4EAD-A614-2AEF36767053}.Release|Any CPU.ActiveCfg = Release|Any CPU
		{6A11DBFC-3707-4EAD-A614-2AEF36767053}.Release|Any CPU.Build.0 = Release|Any CPU
		{A68D4A21-D923-465A-917D-6E8C30A61966}.Debug|Any CPU.ActiveCfg = Debug|Any CPU
		{A68D4A21-D923-465A-917D-6E8C30A61966}.Debug|Any CPU.Build.0 = Debug|Any CPU
		{A68D4A21-D923-465A-917D-6E8C30A61966}.Release|Any CPU.ActiveCfg = Release|Any CPU
		{A68D4A21-D923-465A-917D-6E8C30A61966}.Release|Any CPU.Build.0 = Release|Any CPU
	EndGlobalSection
	GlobalSection(SolutionProperties) = preSolution
		HideSolutionNode = FALSE
	EndGlobalSection
	GlobalSection(ExtensibilityGlobals) = postSolution
		SolutionGuid = {6154899F-D22E-4763-9EB9-1517C4FBB4A5}
	EndGlobalSection
EndGlobal
